
Microsoft Visual Studio Solution File, Format Version 12.00
# Visual Studio Version 17
VisualStudioVersion = 17.0.31903.59
MinimumVisualStudioVersion = 10.0.40219.1
Project("{2150E333-8FDC-42A3-9474-1A3956D46DE8}") = "CodingExercises", "CodingExercises", "{1F350016-941B-47AA-9F0F-7A62CAA05FD9}"
EndProject
Project("{FAE04EC0-301F-11D3-BF4B-00C04F79EFBC}") = "Logic", "CodingExercises\Logic\Logic.csproj", "{8DB0DF46-E904-45A4-A623-C0C10122408C}"
EndProject
Global
	GlobalSection(SolutionConfigurationPlatforms) = preSolution
		Debug|Any CPU = Debug|Any CPU
		Release|Any CPU = Release|Any CPU
	EndGlobalSection
	GlobalSection(SolutionProperties) = preSolution
		HideSolutionNode = FALSE
	EndGlobalSection
	GlobalSection(ProjectConfigurationPlatforms) = postSolution
		{8DB0DF46-E904-45A4-A623-C0C10122408C}.Debug|Any CPU.ActiveCfg = Debug|Any CPU
		{8DB0DF46-E904-45A4-A623-C0C10122408C}.Debug|Any CPU.Build.0 = Debug|Any CPU
		{8DB0DF46-E904-45A4-A623-C0C10122408C}.Release|Any CPU.ActiveCfg = Release|Any CPU
		{8DB0DF46-E904-45A4-A623-C0C10122408C}.Release|Any CPU.Build.0 = Release|Any CPU
	EndGlobalSection
	GlobalSection(NestedProjects) = preSolution
		{8DB0DF46-E904-45A4-A623-C0C10122408C} = {1F350016-941B-47AA-9F0F-7A62CAA05FD9}
	EndGlobalSection
EndGlobal
